// !$*UTF8*$!
{
	archiveVersion = 1;
	classes = {
	};
	objectVersion = 77;
	objects = {

/* Begin PBXContainerItemProxy section */
		30A3A4BE2CBBF2B3004B88FE /* PBXContainerItemProxy */ = {
			isa = PBXContainerItemProxy;
			containerPortal = 30A3A49F2CBBF2B0004B88FE /* Project object */;
			proxyType = 1;
			remoteGlobalIDString = 30A3A4A62CBBF2B0004B88FE;
			remoteInfo = PaletteExample;
		};
		30A3A4C82CBBF2B3004B88FE /* PBXContainerItemProxy */ = {
			isa = PBXContainerItemProxy;
			containerPortal = 30A3A49F2CBBF2B0004B88FE /* Project object */;
			proxyType = 1;
			remoteGlobalIDString = 30A3A4A62CBBF2B0004B88FE;
			remoteInfo = PaletteExample;
		};
/* End PBXContainerItemProxy section */

/* Begin PBXFileReference section */
		30A3A4A72CBBF2B0004B88FE /* PaletteExample.app */ = {isa = PBXFileReference; explicitFileType = wrapper.application; includeInIndex = 0; path = PaletteExample.app; sourceTree = BUILT_PRODUCTS_DIR; };
		30A3A4BD2CBBF2B3004B88FE /* PaletteExampleTests.xctest */ = {isa = PBXFileReference; explicitFileType = wrapper.cfbundle; includeInIndex = 0; path = PaletteExampleTests.xctest; sourceTree = BUILT_PRODUCTS_DIR; };
		30A3A4C72CBBF2B3004B88FE /* PaletteExampleUITests.xctest */ = {isa = PBXFileReference; explicitFileType = wrapper.cfbundle; includeInIndex = 0; path = PaletteExampleUITests.xctest; sourceTree = BUILT_PRODUCTS_DIR; };
/* End PBXFileReference section */

/* Begin PBXFileSystemSynchronizedBuildFileExceptionSet section */
		30A3A4CF2CBBF2B3004B88FE /* Exceptions for "PaletteExample" folder in "PaletteExample" target */ = {
			isa = PBXFileSystemSynchronizedBuildFileExceptionSet;
			membershipExceptions = (
				Info.plist,
			);
			target = 30A3A4A62CBBF2B0004B88FE /* PaletteExample */;
		};
/* End PBXFileSystemSynchronizedBuildFileExceptionSet section */

/* Begin PBXFileSystemSynchronizedRootGroup section */
		30A3A4A92CBBF2B0004B88FE /* PaletteExample */ = {
			isa = PBXFileSystemSynchronizedRootGroup;
			exceptions = (
				30A3A4CF2CBBF2B3004B88FE /* Exceptions for "PaletteExample" folder in "PaletteExample" target */,
			);
			path = PaletteExample;
			sourceTree = "<group>";
		};
		30A3A4C02CBBF2B3004B88FE /* PaletteExampleTests */ = {
			isa = PBXFileSystemSynchronizedRootGroup;
			path = PaletteExampleTests;
			sourceTree = "<group>";
		};
		30A3A4CA2CBBF2B3004B88FE /* PaletteExampleUITests */ = {
			isa = PBXFileSystemSynchronizedRootGroup;
			path = PaletteExampleUITests;
			sourceTree = "<group>";
		};
/* End PBXFileSystemSynchronizedRootGroup section */

/* Begin PBXFrameworksBuildPhase section */
		30A3A4A42CBBF2B0004B88FE /* Frameworks */ = {
			isa = PBXFrameworksBuildPhase;
			buildActionMask = 2147483647;
			files = (
			);
			runOnlyForDeploymentPostprocessing = 0;
		};
		30A3A4BA2CBBF2B3004B88FE /* Frameworks */ = {
			isa = PBXFrameworksBuildPhase;
			buildActionMask = 2147483647;
			files = (
			);
			runOnlyForDeploymentPostprocessing = 0;
		};
		30A3A4C42CBBF2B3004B88FE /* Frameworks */ = {
			isa = PBXFrameworksBuildPhase;
			buildActionMask = 2147483647;
			files = (
			);
			runOnlyForDeploymentPostprocessing = 0;
		};
/* End PBXFrameworksBuildPhase section */

/* Begin PBXGroup section */
		30A3A49E2CBBF2B0004B88FE = {
			isa = PBXGroup;
			children = (
				30A3A4A92CBBF2B0004B88FE /* PaletteExample */,
				30A3A4C02CBBF2B3004B88FE /* PaletteExampleTests */,
				30A3A4CA2CBBF2B3004B88FE /* PaletteExampleUITests */,
				30A3A4A82CBBF2B0004B88FE /* Products */,
			);
			sourceTree = "<group>";
		};
		30A3A4A82CBBF2B0004B88FE /* Products */ = {
			isa = PBXGroup;
			children = (
				30A3A4A72CBBF2B0004B88FE /* PaletteExample.app */,
				30A3A4BD2CBBF2B3004B88FE /* PaletteExampleTests.xctest */,
				30A3A4C72CBBF2B3004B88FE /* PaletteExampleUITests.xctest */,
			);
			name = Products;
			sourceTree = "<group>";
		};
/* End PBXGroup section */

/* Begin PBXNativeTarget section */
		30A3A4A62CBBF2B0004B88FE /* PaletteExample */ = {
			isa = PBXNativeTarget;
			buildConfigurationList = 30A3A4D02CBBF2B3004B88FE /* Build configuration list for PBXNativeTarget "PaletteExample" */;
			buildPhases = (
				30A3A4A32CBBF2B0004B88FE /* Sources */,
				30A3A4A42CBBF2B0004B88FE /* Frameworks */,
				30A3A4A52CBBF2B0004B88FE /* Resources */,
			);
			buildRules = (
			);
			dependencies = (
			);
			fileSystemSynchronizedGroups = (
				30A3A4A92CBBF2B0004B88FE /* PaletteExample */,
			);
			name = PaletteExample;
			packageProductDependencies = (
			);
			productName = PaletteExample;
			productReference = 30A3A4A72CBBF2B0004B88FE /* PaletteExample.app */;
			productType = "com.apple.product-type.application";
		};
		30A3A4BC2CBBF2B3004B88FE /* PaletteExampleTests */ = {
			isa = PBXNativeTarget;
			buildConfigurationList = 30A3A4D52CBBF2B3004B88FE /* Build configuration list for PBXNativeTarget "PaletteExampleTests" */;
			buildPhases = (
				30A3A4B92CBBF2B3004B88FE /* Sources */,
				30A3A4BA2CBBF2B3004B88FE /* Frameworks */,
				30A3A4BB2CBBF2B3004B88FE /* Resources */,
			);
			buildRules = (
			);
			dependencies = (
				30A3A4BF2CBBF2B3004B88FE /* PBXTargetDependency */,
			);
			fileSystemSynchronizedGroups = (
				30A3A4C02CBBF2B3004B88FE /* PaletteExampleTests */,
			);
			name = PaletteExampleTests;
			packageProductDependencies = (
			);
			productName = PaletteExampleTests;
			productReference = 30A3A4BD2CBBF2B3004B88FE /* PaletteExampleTests.xctest */;
			productType = "com.apple.product-type.bundle.unit-test";
		};
		30A3A4C62CBBF2B3004B88FE /* PaletteExampleUITests */ = {
			isa = PBXNativeTarget;
			buildConfigurationList = 30A3A4D82CBBF2B3004B88FE /* Build configuration list for PBXNativeTarget "PaletteExampleUITests" */;
			buildPhases = (
				30A3A4C32CBBF2B3004B88FE /* Sources */,
				30A3A4C42CBBF2B3004B88FE /* Frameworks */,
				30A3A4C52CBBF2B3004B88FE /* Resources */,
			);
			buildRules = (
			);
			dependencies = (
				30A3A4C92CBBF2B3004B88FE /* PBXTargetDependency */,
			);
			fileSystemSynchronizedGroups = (
				30A3A4CA2CBBF2B3004B88FE /* PaletteExampleUITests */,
			);
			name = PaletteExampleUITests;
			packageProductDependencies = (
			);
			productName = PaletteExampleUITests;
			productReference = 30A3A4C72CBBF2B3004B88FE /* PaletteExampleUITests.xctest */;
			productType = "com.apple.product-type.bundle.ui-testing";
		};
/* End PBXNativeTarget section */

/* Begin PBXProject section */
		30A3A49F2CBBF2B0004B88FE /* Project object */ = {
			isa = PBXProject;
			attributes = {
				BuildIndependentTargetsInParallel = 1;
				LastSwiftUpdateCheck = 1600;
				LastUpgradeCheck = 1600;
				TargetAttributes = {
					30A3A4A62CBBF2B0004B88FE = {
						CreatedOnToolsVersion = 16.0;
					};
					30A3A4BC2CBBF2B3004B88FE = {
						CreatedOnToolsVersion = 16.0;
						TestTargetID = 30A3A4A62CBBF2B0004B88FE;
					};
					30A3A4C62CBBF2B3004B88FE = {
						CreatedOnToolsVersion = 16.0;
						TestTargetID = 30A3A4A62CBBF2B0004B88FE;
					};
				};
			};
			buildConfigurationList = 30A3A4A22CBBF2B0004B88FE /* Build configuration list for PBXProject "PaletteExample" */;
			developmentRegion = en;
			hasScannedForEncodings = 0;
			knownRegions = (
				en,
				Base,
			);
			mainGroup = 30A3A49E2CBBF2B0004B88FE;
			minimizedProjectReferenceProxies = 1;
			preferredProjectObjectVersion = 77;
			productRefGroup = 30A3A4A82CBBF2B0004B88FE /* Products */;
			projectDirPath = "";
			projectRoot = "";
			targets = (
				30A3A4A62CBBF2B0004B88FE /* PaletteExample */,
				30A3A4BC2CBBF2B3004B88FE /* PaletteExampleTests */,
				30A3A4C62CBBF2B3004B88FE /* PaletteExampleUITests */,
			);
		};
/* End PBXProject section */

/* Begin PBXResourcesBuildPhase section */
		30A3A4A52CBBF2B0004B88FE /* Resources */ = {
			isa = PBXResourcesBuildPhase;
			buildActionMask = 2147483647;
			files = (
			);
			runOnlyForDeploymentPostprocessing = 0;
		};
		30A3A4BB2CBBF2B3004B88FE /* Resources */ = {
			isa = PBXResourcesBuildPhase;
			buildActionMask = 2147483647;
			files = (
			);
			runOnlyForDeploymentPostprocessing = 0;
		};
		30A3A4C52CBBF2B3004B88FE /* Resources */ = {
			isa = PBXResourcesBuildPhase;
			buildActionMask = 2147483647;
			files = (
			);
			runOnlyForDeploymentPostprocessing = 0;
		};
/* End PBXResourcesBuildPhase section */

/* Begin PBXSourcesBuildPhase section */
		30A3A4A32CBBF2B0004B88FE /* Sources */ = {
			isa = PBXSourcesBuildPhase;
			buildActionMask = 2147483647;
			files = (
			);
			runOnlyForDeploymentPostprocessing = 0;
		};
		30A3A4B92CBBF2B3004B88FE /* Sources */ = {
			isa = PBXSourcesBuildPhase;
			buildActionMask = 2147483647;
			files = (
			);
			runOnlyForDeploymentPostprocessing = 0;
		};
		30A3A4C32CBBF2B3004B88FE /* Sources */ = {
			isa = PBXSourcesBuildPhase;
			buildActionMask = 2147483647;
			files = (
			);
			runOnlyForDeploymentPostprocessing = 0;
		};
/* End PBXSourcesBuildPhase section */

/* Begin PBXTargetDependency section */
		30A3A4BF2CBBF2B3004B88FE /* PBXTargetDependency */ = {
			isa = PBXTargetDependency;
			target = 30A3A4A62CBBF2B0004B88FE /* PaletteExample */;
			targetProxy = 30A3A4BE2CBBF2B3004B88FE /* PBXContainerItemProxy */;
		};
		30A3A4C92CBBF2B3004B88FE /* PBXTargetDependency */ = {
			isa = PBXTargetDependency;
			target = 30A3A4A62CBBF2B0004B88FE /* PaletteExample */;
			targetProxy = 30A3A4C82CBBF2B3004B88FE /* PBXContainerItemProxy */;
		};
/* End PBXTargetDependency section */

/* Begin XCBuildConfiguration section */
		30A3A4D12CBBF2B3004B88FE /* Debug */ = {
			isa = XCBuildConfiguration;
			buildSettings = {
				ASSETCATALOG_COMPILER_APPICON_NAME = AppIcon;
				ASSETCATALOG_COMPILER_GLOBAL_ACCENT_COLOR_NAME = AccentColor;
				CODE_SIGN_STYLE = Automatic;
				CURRENT_PROJECT_VERSION = 1;
				DEVELOPMENT_TEAM = RC4K8UN556;
				GENERATE_INFOPLIST_FILE = YES;
				INFOPLIST_FILE = PaletteExample/Info.plist;
				INFOPLIST_KEY_UIApplicationSupportsIndirectInputEvents = YES;
				INFOPLIST_KEY_UILaunchStoryboardName = LaunchScreen;
				INFOPLIST_KEY_UIMainStoryboardFile = Main;
				INFOPLIST_KEY_UISupportedInterfaceOrientations_iPad = "UIInterfaceOrientationPortrait UIInterfaceOrientationPortraitUpsideDown UIInterfaceOrientationLandscapeLeft UIInterfaceOrientationLandscapeRight";
				INFOPLIST_KEY_UISupportedInterfaceOrientations_iPhone = "UIInterfaceOrientationPortrait UIInterfaceOrientationLandscapeLeft UIInterfaceOrientationLandscapeRight";
				LD_RUNPATH_SEARCH_PATHS = (
					"$(inherited)",
					"@executable_path/Frameworks",
				);
				MARKETING_VERSION = 1.0;
				PRODUCT_BUNDLE_IDENTIFIER = com.roman.PaletteExample;
				PRODUCT_NAME = "$(TARGET_NAME)";
				SWIFT_EMIT_LOC_STRINGS = YES;
				SWIFT_VERSION = 5.0;
				TARGETED_DEVICE_FAMILY = "1,2";
			};
			name = Debug;
		};
		30A3A4D22CBBF2B3004B88FE /* Release */ = {
			isa = XCBuildConfiguration;
			buildSettings = {
				ASSETCATALOG_COMPILER_APPICON_NAME = AppIcon;
				ASSETCATALOG_COMPILER_GLOBAL_ACCENT_COLOR_NAME = AccentColor;
				CODE_SIGN_STYLE = Automatic;
				CURRENT_PROJECT_VERSION = 1;
				DEVELOPMENT_TEAM = RC4K8UN556;
				GENERATE_INFOPLIST_FILE = YES;
				INFOPLIST_FILE = PaletteExample/Info.plist;
				INFOPLIST_KEY_UIApplicationSupportsIndirectInputEvents = YES;
				INFOPLIST_KEY_UILaunchStoryboardName = LaunchScreen;
				INFOPLIST_KEY_UIMainStoryboardFile = Main;
				INFOPLIST_KEY_UISupportedInterfaceOrientations_iPad = "UIInterfaceOrientationPortrait UIInterfaceOrientationPortraitUpsideDown UIInterfaceOrientationLandscapeLeft UIInterfaceOrientationLandscapeRight";
				INFOPLIST_KEY_UISupportedInterfaceOrientations_iPhone = "UIInterfaceOrientationPortrait UIInterfaceOrientationLandscapeLeft UIInterfaceOrientationLandscapeRight";
				LD_RUNPATH_SEARCH_PATHS = (
					"$(inherited)",
					"@executable_path/Frameworks",
				);
				MARKETING_VERSION = 1.0;
				PRODUCT_BUNDLE_IDENTIFIER = com.roman.PaletteExample;
				PRODUCT_NAME = "$(TARGET_NAME)";
				SWIFT_EMIT_LOC_STRINGS = YES;
				SWIFT_VERSION = 5.0;
				TARGETED_DEVICE_FAMILY = "1,2";
			};
			name = Release;
		};
		30A3A4D32CBBF2B3004B88FE /* Debug */ = {
			isa = XCBuildConfiguration;
			buildSettings = {
				ALWAYS_SEARCH_USER_PATHS = NO;
				ASSETCATALOG_COMPILER_GENERATE_SWIFT_ASSET_SYMBOL_EXTENSIONS = YES;
				CLANG_ANALYZER_NONNULL = YES;
				CLANG_ANALYZER_NUMBER_OBJECT_CONVERSION = YES_AGGRESSIVE;
				CLANG_CXX_LANGUAGE_STANDARD = "gnu++20";
				CLANG_ENABLE_MODULES = YES;
				CLANG_ENABLE_OBJC_ARC = YES;
				CLANG_ENABLE_OBJC_WEAK = YES;
				CLANG_WARN_BLOCK_CAPTURE_AUTORELEASING = YES;
				CLANG_WARN_BOOL_CONVERSION = YES;
				CLANG_WARN_COMMA = YES;
				CLANG_WARN_CONSTANT_CONVERSION = YES;
				CLANG_WARN_DEPRECATED_OBJC_IMPLEMENTATIONS = YES;
				CLANG_WARN_DIRECT_OBJC_ISA_USAGE = YES_ERROR;
				CLANG_WARN_DOCUMENTATION_COMMENTS = YES;
				CLANG_WARN_EMPTY_BODY = YES;
				CLANG_WARN_ENUM_CONVERSION = YES;
				CLANG_WARN_INFINITE_RECURSION = YES;
				CLANG_WARN_INT_CONVERSION = YES;
				CLANG_WARN_NON_LITERAL_NULL_CONVERSION = YES;
				CLANG_WARN_OBJC_IMPLICIT_RETAIN_SELF = YES;
				CLANG_WARN_OBJC_LITERAL_CONVERSION = YES;
				CLANG_WARN_OBJC_ROOT_CLASS = YES_ERROR;
				CLANG_WARN_QUOTED_INCLUDE_IN_FRAMEWORK_HEADER = YES;
				CLANG_WARN_RANGE_LOOP_ANALYSIS = YES;
				CLANG_WARN_STRICT_PROTOTYPES = YES;
				CLANG_WARN_SUSPICIOUS_MOVE = YES;
				CLANG_WARN_UNGUARDED_AVAILABILITY = YES_AGGRESSIVE;
				CLANG_WARN_UNREACHABLE_CODE = YES;
				CLANG_WARN__DUPLICATE_METHOD_MATCH = YES;
				COPY_PHASE_STRIP = NO;
				DEBUG_INFORMATION_FORMAT = dwarf;
				ENABLE_STRICT_OBJC_MSGSEND = YES;
				ENABLE_TESTABILITY = YES;
				ENABLE_USER_SCRIPT_SANDBOXING = YES;
				GCC_C_LANGUAGE_STANDARD = gnu17;
				GCC_DYNAMIC_NO_PIC = NO;
				GCC_NO_COMMON_BLOCKS = YES;
				GCC_OPTIMIZATION_LEVEL = 0;
				GCC_PREPROCESSOR_DEFINITIONS = (
					"DEBUG=1",
					"$(inherited)",
				);
				GCC_WARN_64_TO_32_BIT_CONVERSION = YES;
				GCC_WARN_ABOUT_RETURN_TYPE = YES_ERROR;
				GCC_WARN_UNDECLARED_SELECTOR = YES;
				GCC_WARN_UNINITIALIZED_AUTOS = YES_AGGRESSIVE;
				GCC_WARN_UNUSED_FUNCTION = YES;
				GCC_WARN_UNUSED_VARIABLE = YES;
				IPHONEOS_DEPLOYMENT_TARGET = 18.0;
				LOCALIZATION_PREFERS_STRING_CATALOGS = YES;
				MTL_ENABLE_DEBUG_INFO = INCLUDE_SOURCE;
				MTL_FAST_MATH = YES;
				ONLY_ACTIVE_ARCH = YES;
				SDKROOT = iphoneos;
				SWIFT_ACTIVE_COMPILATION_CONDITIONS = "DEBUG $(inherited)";
				SWIFT_OPTIMIZATION_LEVEL = "-Onone";
			};
			name = Debug;
		};
		30A3A4D42CBBF2B3004B88FE /* Release */ = {
			isa = XCBuildConfiguration;
			buildSettings = {
				ALWAYS_SEARCH_USER_PATHS = NO;
				ASSETCATALOG_COMPILER_GENERATE_SWIFT_ASSET_SYMBOL_EXTENSIONS = YES;
				CLANG_ANALYZER_NONNULL = YES;
				CLANG_ANALYZER_NUMBER_OBJECT_CONVERSION = YES_AGGRESSIVE;
				CLANG_CXX_LANGUAGE_STANDARD = "gnu++20";
				CLANG_ENABLE_MODULES = YES;
				CLANG_ENABLE_OBJC_ARC = YES;
				CLANG_ENABLE_OBJC_WEAK = YES;
				CLANG_WARN_BLOCK_CAPTURE_AUTORELEASING = YES;
				CLANG_WARN_BOOL_CONVERSION = YES;
				CLANG_WARN_COMMA = YES;
				CLANG_WARN_CONSTANT_CONVERSION = YES;
				CLANG_WARN_DEPRECATED_OBJC_IMPLEMENTATIONS = YES;
				CLANG_WARN_DIRECT_OBJC_ISA_USAGE = YES_ERROR;
				CLANG_WARN_DOCUMENTATION_COMMENTS = YES;
				CLANG_WARN_EMPTY_BODY = YES;
				CLANG_WARN_ENUM_CONVERSION = YES;
				CLANG_WARN_INFINITE_RECURSION = YES;
				CLANG_WARN_INT_CONVERSION = YES;
				CLANG_WARN_NON_LITERAL_NULL_CONVERSION = YES;
				CLANG_WARN_OBJC_IMPLICIT_RETAIN_SELF = YES;
				CLANG_WARN_OBJC_LITERAL_CONVERSION = YES;
				CLANG_WARN_OBJC_ROOT_CLASS = YES_ERROR;
				CLANG_WARN_QUOTED_INCLUDE_IN_FRAMEWORK_HEADER = YES;
				CLANG_WARN_RANGE_LOOP_ANALYSIS = YES;
				CLANG_WARN_STRICT_PROTOTYPES = YES;
				CLANG_WARN_SUSPICIOUS_MOVE = YES;
				CLANG_WARN_UNGUARDED_AVAILABILITY = YES_AGGRESSIVE;
				CLANG_WARN_UNREACHABLE_CODE = YES;
				CLANG_WARN__DUPLICATE_METHOD_MATCH = YES;
				COPY_PHASE_STRIP = NO;
				DEBUG_INFORMATION_FORMAT = "dwarf-with-dsym";
				ENABLE_NS_ASSERTIONS = NO;
				ENABLE_STRICT_OBJC_MSGSEND = YES;
				ENABLE_USER_SCRIPT_SANDBOXING = YES;
				GCC_C_LANGUAGE_STANDARD = gnu17;
				GCC_NO_COMMON_BLOCKS = YES;
				GCC_WARN_64_TO_32_BIT_CONVERSION = YES;
				GCC_WARN_ABOUT_RETURN_TYPE = YES_ERROR;
				GCC_WARN_UNDECLARED_SELECTOR = YES;
				GCC_WARN_UNINITIALIZED_AUTOS = YES_AGGRESSIVE;
				GCC_WARN_UNUSED_FUNCTION = YES;
				GCC_WARN_UNUSED_VARIABLE = YES;
				IPHONEOS_DEPLOYMENT_TARGET = 18.0;
				LOCALIZATION_PREFERS_STRING_CATALOGS = YES;
				MTL_ENABLE_DEBUG_INFO = NO;
				MTL_FAST_MATH = YES;
				SDKROOT = iphoneos;
				SWIFT_COMPILATION_MODE = wholemodule;
				VALIDATE_PRODUCT = YES;
			};
			name = Release;
		};
		30A3A4D62CBBF2B3004B88FE /* Debug */ = {
			isa = XCBuildConfiguration;
			buildSettings = {
				BUNDLE_LOADER = "$(TEST_HOST)";
				CODE_SIGN_STYLE = Automatic;
				CURRENT_PROJECT_VERSION = 1;
				DEVELOPMENT_TEAM = RC4K8UN556;
				GENERATE_INFOPLIST_FILE = YES;
				IPHONEOS_DEPLOYMENT_TARGET = 18.0;
				MARKETING_VERSION = 1.0;
				PRODUCT_BUNDLE_IDENTIFIER = com.roman.PaletteExampleTests;
				PRODUCT_NAME = "$(TARGET_NAME)";
				SWIFT_EMIT_LOC_STRINGS = NO;
				SWIFT_VERSION = 5.0;
				TARGETED_DEVICE_FAMILY = "1,2";
				TEST_HOST = "$(BUILT_PRODUCTS_DIR)/PaletteExample.app/$(BUNDLE_EXECUTABLE_FOLDER_PATH)/PaletteExample";
			};
			name = Debug;
		};
		30A3A4D72CBBF2B3004B88FE /* Release */ = {
			isa = XCBuildConfiguration;
			buildSettings = {
				BUNDLE_LOADER = "$(TEST_HOST)";
				CODE_SIGN_STYLE = Automatic;
				CURRENT_PROJECT_VERSION = 1;
				DEVELOPMENT_TEAM = RC4K8UN556;
				GENERATE_INFOPLIST_FILE = YES;
				IPHONEOS_DEPLOYMENT_TARGET = 18.0;
				MARKETING_VERSION = 1.0;
				PRODUCT_BUNDLE_IDENTIFIER = com.roman.PaletteExampleTests;
				PRODUCT_NAME = "$(TARGET_NAME)";
				SWIFT_EMIT_LOC_STRINGS = NO;
				SWIFT_VERSION = 5.0;
				TARGETED_DEVICE_FAMILY = "1,2";
				TEST_HOST = "$(BUILT_PRODUCTS_DIR)/PaletteExample.app/$(BUNDLE_EXECUTABLE_FOLDER_PATH)/PaletteExample";
			};
			name = Release;
		};
		30A3A4D92CBBF2B3004B88FE /* Debug */ = {
			isa = XCBuildConfiguration;
			buildSettings = {
				CODE_SIGN_STYLE = Automatic;
				CURRENT_PROJECT_VERSION = 1;
				DEVELOPMENT_TEAM = RC4K8UN556;
				GENERATE_INFOPLIST_FILE = YES;
				MARKETING_VERSION = 1.0;
				PRODUCT_BUNDLE_IDENTIFIER = com.roman.PaletteExampleUITests;
				PRODUCT_NAME = "$(TARGET_NAME)";
				SWIFT_EMIT_LOC_STRINGS = NO;
				SWIFT_VERSION = 5.0;
				TARGETED_DEVICE_FAMILY = "1,2";
				TEST_TARGET_NAME = PaletteExample;
			};
			name = Debug;
		};
		30A3A4DA2CBBF2B3004B88FE /* Release */ = {
			isa = XCBuildConfiguration;
			buildSettings = {
				CODE_SIGN_STYLE = Automatic;
				CURRENT_PROJECT_VERSION = 1;
				DEVELOPMENT_TEAM = RC4K8UN556;
				GENERATE_INFOPLIST_FILE = YES;
				MARKETING_VERSION = 1.0;
				PRODUCT_BUNDLE_IDENTIFIER = com.roman.PaletteExampleUITests;
				PRODUCT_NAME = "$(TARGET_NAME)";
				SWIFT_EMIT_LOC_STRINGS = NO;
				SWIFT_VERSION = 5.0;
				TARGETED_DEVICE_FAMILY = "1,2";
				TEST_TARGET_NAME = PaletteExample;
			};
			name = Release;
		};
/* End XCBuildConfiguration section */

/* Begin XCConfigurationList section */
		30A3A4A22CBBF2B0004B88FE /* Build configuration list for PBXProject "PaletteExample" */ = {
			isa = XCConfigurationList;
			buildConfigurations = (
				30A3A4D32CBBF2B3004B88FE /* Debug */,
				30A3A4D42CBBF2B3004B88FE /* Release */,
			);
			defaultConfigurationIsVisible = 0;
			defaultConfigurationName = Release;
		};
		30A3A4D02CBBF2B3004B88FE /* Build configuration list for PBXNativeTarget "PaletteExample" */ = {
			isa = XCConfigurationList;
			buildConfigurations = (
				30A3A4D12CBBF2B3004B88FE /* Debug */,
				30A3A4D22CBBF2B3004B88FE /* Release */,
			);
			defaultConfigurationIsVisible = 0;
			defaultConfigurationName = Release;
		};
		30A3A4D52CBBF2B3004B88FE /* Build configuration list for PBXNativeTarget "PaletteExampleTests" */ = {
			isa = XCConfigurationList;
			buildConfigurations = (
				30A3A4D62CBBF2B3004B88FE /* Debug */,
				30A3A4D72CBBF2B3004B88FE /* Release */,
			);
			defaultConfigurationIsVisible = 0;
			defaultConfigurationName = Release;
		};
		30A3A4D82CBBF2B3004B88FE /* Build configuration list for PBXNativeTarget "PaletteExampleUITests" */ = {
			isa = XCConfigurationList;
			buildConfigurations = (
				30A3A4D92CBBF2B3004B88FE /* Debug */,
				30A3A4DA2CBBF2B3004B88FE /* Release */,
			);
			defaultConfigurationIsVisible = 0;
			defaultConfigurationName = Release;
		};
/* End XCConfigurationList section */
	};
	rootObject = 30A3A49F2CBBF2B0004B88FE /* Project object */;
}
